
Microsoft Visual Studio Solution File, Format Version 12.00
# Visual Studio Version 17
VisualStudioVersion = 17.2.32602.215
MinimumVisualStudioVersion = 10.0.40219.1
Project("{2150E333-8FDC-42A3-9474-1A3956D46DE8}") = "Services", "Services", "{3A79E5C0-C82D-4683-A76F-229BC66E8CDC}"
EndProject
Project("{2150E333-8FDC-42A3-9474-1A3956D46DE8}") = "Catalog", "Catalog", "{0738073E-26D8-49A9-9593-094C10099D1A}"
EndProject
Project("{9A19103F-16F7-4668-BE54-9A1E7A4F7556}") = "Catalog.API", "services\Catalog\Catalog.API\Catalog.API.csproj", "{FE1A7279-A347-41E6-BF8B-4DE927D0BF99}"
EndProject
Project("{E53339B2-1760-4266-BCC7-CA923CBCF16C}") = "docker-compose", "docker-compose.dcproj", "{EB1591EF-106D-4A93-AFE7-14BAF8678919}"
EndProject
Project("{2150E333-8FDC-42A3-9474-1A3956D46DE8}") = "Identity", "Identity", "{41392471-C44C-4470-BB22-4DFC7899FE9E}"
EndProject
Project("{9A19103F-16F7-4668-BE54-9A1E7A4F7556}") = "Identity.API", "Services\Identity\Identity.API\Identity.API.csproj", "{018159FF-781C-49CA-937C-1643E40BAEA3}"
EndProject
Project("{2150E333-8FDC-42A3-9474-1A3956D46DE8}") = "BuildingBlocks", "BuildingBlocks", "{1CEA1618-E545-46CD-84C1-6DCA2073E9A5}"
EndProject
Project("{9A19103F-16F7-4668-BE54-9A1E7A4F7556}") = "EventBus.Messages", "BuildingBlocks\EventBus.Messages\EventBus.Messages.csproj", "{3F6EA6F7-3C82-45FC-8F08-5BFAF77ADC82}"
EndProject
Project("{2150E333-8FDC-42A3-9474-1A3956D46DE8}") = "ApiGateways", "ApiGateways", "{46A9A0AD-A503-4EF7-9F18-DF9A6EAC35B6}"
EndProject
Project("{9A19103F-16F7-4668-BE54-9A1E7A4F7556}") = "OcelotApiGw", "ApiGateways\OcelotApiGw\OcelotApiGw.csproj", "{7CC4A3F1-D86C-4E78-975B-0FB3996FCD14}"
EndProject
Project("{9A19103F-16F7-4668-BE54-9A1E7A4F7556}") = "JwtAuthenticationManager", "BuildingBlocks\JwtAuthenticationManager\JwtAuthenticationManager.csproj", "{B846B6C8-99BB-41ED-86D0-5F9D692A1263}"
EndProject
Project("{2150E333-8FDC-42A3-9474-1A3956D46DE8}") = "Client", "Client", "{61ADD05B-48ED-4DC5-BA34-4503327CDE01}"
EndProject
Project("{54A90642-561A-4BB1-A94E-469ADEE60C69}") = "Elearn.WEB", "Client\Elearn.WEB\Elearn.WEB.esproj", "{6186EE41-E887-405C-A644-9D2D98750A11}"
EndProject
Global
	GlobalSection(SolutionConfigurationPlatforms) = preSolution
		Debug|Any CPU = Debug|Any CPU
		Release|Any CPU = Release|Any CPU
	EndGlobalSection
	GlobalSection(ProjectConfigurationPlatforms) = postSolution
		{FE1A7279-A347-41E6-BF8B-4DE927D0BF99}.Debug|Any CPU.ActiveCfg = Debug|Any CPU
		{FE1A7279-A347-41E6-BF8B-4DE927D0BF99}.Debug|Any CPU.Build.0 = Debug|Any CPU
		{FE1A7279-A347-41E6-BF8B-4DE927D0BF99}.Release|Any CPU.ActiveCfg = Release|Any CPU
		{FE1A7279-A347-41E6-BF8B-4DE927D0BF99}.Release|Any CPU.Build.0 = Release|Any CPU
		{EB1591EF-106D-4A93-AFE7-14BAF8678919}.Debug|Any CPU.ActiveCfg = Debug|Any CPU
		{EB1591EF-106D-4A93-AFE7-14BAF8678919}.Debug|Any CPU.Build.0 = Debug|Any CPU
		{EB1591EF-106D-4A93-AFE7-14BAF8678919}.Release|Any CPU.ActiveCfg = Release|Any CPU
		{EB1591EF-106D-4A93-AFE7-14BAF8678919}.Release|Any CPU.Build.0 = Release|Any CPU
		{018159FF-781C-49CA-937C-1643E40BAEA3}.Debug|Any CPU.ActiveCfg = Debug|Any CPU
		{018159FF-781C-49CA-937C-1643E40BAEA3}.Debug|Any CPU.Build.0 = Debug|Any CPU
		{018159FF-781C-49CA-937C-1643E40BAEA3}.Release|Any CPU.ActiveCfg = Release|Any CPU
		{018159FF-781C-49CA-937C-1643E40BAEA3}.Release|Any CPU.Build.0 = Release|Any CPU
		{3F6EA6F7-3C82-45FC-8F08-5BFAF77ADC82}.Debug|Any CPU.ActiveCfg = Debug|Any CPU
		{3F6EA6F7-3C82-45FC-8F08-5BFAF77ADC82}.Debug|Any CPU.Build.0 = Debug|Any CPU
		{3F6EA6F7-3C82-45FC-8F08-5BFAF77ADC82}.Release|Any CPU.ActiveCfg = Release|Any CPU
		{3F6EA6F7-3C82-45FC-8F08-5BFAF77ADC82}.Release|Any CPU.Build.0 = Release|Any CPU
		{7CC4A3F1-D86C-4E78-975B-0FB3996FCD14}.Debug|Any CPU.ActiveCfg = Debug|Any CPU
		{7CC4A3F1-D86C-4E78-975B-0FB3996FCD14}.Debug|Any CPU.Build.0 = Debug|Any CPU
		{7CC4A3F1-D86C-4E78-975B-0FB3996FCD14}.Release|Any CPU.ActiveCfg = Release|Any CPU
		{7CC4A3F1-D86C-4E78-975B-0FB3996FCD14}.Release|Any CPU.Build.0 = Release|Any CPU
		{B846B6C8-99BB-41ED-86D0-5F9D692A1263}.Debug|Any CPU.ActiveCfg = Debug|Any CPU
		{B846B6C8-99BB-41ED-86D0-5F9D692A1263}.Debug|Any CPU.Build.0 = Debug|Any CPU
		{B846B6C8-99BB-41ED-86D0-5F9D692A1263}.Release|Any CPU.ActiveCfg = Release|Any CPU
		{B846B6C8-99BB-41ED-86D0-5F9D692A1263}.Release|Any CPU.Build.0 = Release|Any CPU
		{6186EE41-E887-405C-A644-9D2D98750A11}.Debug|Any CPU.ActiveCfg = Debug|Any CPU
		{6186EE41-E887-405C-A644-9D2D98750A11}.Debug|Any CPU.Build.0 = Debug|Any CPU
		{6186EE41-E887-405C-A644-9D2D98750A11}.Debug|Any CPU.Deploy.0 = Debug|Any CPU
		{6186EE41-E887-405C-A644-9D2D98750A11}.Release|Any CPU.ActiveCfg = Release|Any CPU
		{6186EE41-E887-405C-A644-9D2D98750A11}.Release|Any CPU.Build.0 = Release|Any CPU
		{6186EE41-E887-405C-A644-9D2D98750A11}.Release|Any CPU.Deploy.0 = Release|Any CPU
	EndGlobalSection
	GlobalSection(SolutionProperties) = preSolution
		HideSolutionNode = FALSE
	EndGlobalSection
	GlobalSection(NestedProjects) = preSolution
		{0738073E-26D8-49A9-9593-094C10099D1A} = {3A79E5C0-C82D-4683-A76F-229BC66E8CDC}
		{FE1A7279-A347-41E6-BF8B-4DE927D0BF99} = {0738073E-26D8-49A9-9593-094C10099D1A}
		{41392471-C44C-4470-BB22-4DFC7899FE9E} = {3A79E5C0-C82D-4683-A76F-229BC66E8CDC}
		{018159FF-781C-49CA-937C-1643E40BAEA3} = {41392471-C44C-4470-BB22-4DFC7899FE9E}
		{3F6EA6F7-3C82-45FC-8F08-5BFAF77ADC82} = {1CEA1618-E545-46CD-84C1-6DCA2073E9A5}
		{7CC4A3F1-D86C-4E78-975B-0FB3996FCD14} = {46A9A0AD-A503-4EF7-9F18-DF9A6EAC35B6}
		{B846B6C8-99BB-41ED-86D0-5F9D692A1263} = {1CEA1618-E545-46CD-84C1-6DCA2073E9A5}
		{6186EE41-E887-405C-A644-9D2D98750A11} = {61ADD05B-48ED-4DC5-BA34-4503327CDE01}
	EndGlobalSection
	GlobalSection(ExtensibilityGlobals) = postSolution
		SolutionGuid = {EDD54D04-DEAB-42F9-A9DC-48CA5A73A2EA}
	EndGlobalSection
EndGlobal
